// !$*UTF8*$!
{
	archiveVersion = 1;
	classes = {
	};
	objectVersion = 46;
	objects = {

/* Begin PBXBuildFile section */
		5FBC0E611E2751DD00E8499F /* AppDelegate.swift in Sources */ = {isa = PBXBuildFile; fileRef = 5FBC0E601E2751DD00E8499F /* AppDelegate.swift */; };
		5FBC0E631E2751DD00E8499F /* ViewController.swift in Sources */ = {isa = PBXBuildFile; fileRef = 5FBC0E621E2751DD00E8499F /* ViewController.swift */; };
		5FBC0E661E2751DE00E8499F /* Main.storyboard in Resources */ = {isa = PBXBuildFile; fileRef = 5FBC0E641E2751DE00E8499F /* Main.storyboard */; };
		5FBC0E691E2751DE00E8499F /* CoreDataGenerics.xcdatamodeld in Sources */ = {isa = PBXBuildFile; fileRef = 5FBC0E671E2751DE00E8499F /* CoreDataGenerics.xcdatamodeld */; };
		5FBC0E6B1E2751DE00E8499F /* Assets.xcassets in Resources */ = {isa = PBXBuildFile; fileRef = 5FBC0E6A1E2751DE00E8499F /* Assets.xcassets */; };
		5FBC0E6E1E2751DE00E8499F /* LaunchScreen.storyboard in Resources */ = {isa = PBXBuildFile; fileRef = 5FBC0E6C1E2751DE00E8499F /* LaunchScreen.storyboard */; };
/* End PBXBuildFile section */

/* Begin PBXFileReference section */
		5FBC0E5D1E2751DD00E8499F /* CoreDataGenerics.app */ = {isa = PBXFileReference; explicitFileType = wrapper.application; includeInIndex = 0; path = CoreDataGenerics.app; sourceTree = BUILT_PRODUCTS_DIR; };
		5FBC0E601E2751DD00E8499F /* AppDelegate.swift */ = {isa = PBXFileReference; lastKnownFileType = sourcecode.swift; path = AppDelegate.swift; sourceTree = "<group>"; };
		5FBC0E621E2751DD00E8499F /* ViewController.swift */ = {isa = PBXFileReference; lastKnownFileType = sourcecode.swift; path = ViewController.swift; sourceTree = "<group>"; };
		5FBC0E651E2751DE00E8499F /* Base */ = {isa = PBXFileReference; lastKnownFileType = file.storyboard; name = Base; path = Base.lproj/Main.storyboard; sourceTree = "<group>"; };
		5FBC0E681E2751DE00E8499F /* CoreDataGenerics.xcdatamodel */ = {isa = PBXFileReference; lastKnownFileType = wrapper.xcdatamodel; path = CoreDataGenerics.xcdatamodel; sourceTree = "<group>"; };
		5FBC0E6A1E2751DE00E8499F /* Assets.xcassets */ = {isa = PBXFileReference; lastKnownFileType = folder.assetcatalog; path = Assets.xcassets; sourceTree = "<group>"; };
		5FBC0E6D1E2751DE00E8499F /* Base */ = {isa = PBXFileReference; lastKnownFileType = file.storyboard; name = Base; path = Base.lproj/LaunchScreen.storyboard; sourceTree = "<group>"; };
		5FBC0E6F1E2751DE00E8499F /* Info.plist */ = {isa = PBXFileReference; lastKnownFileType = text.plist.xml; path = Info.plist; sourceTree = "<group>"; };
/* End PBXFileReference section */

/* Begin PBXFrameworksBuildPhase section */
		5FBC0E5A1E2751DD00E8499F /* Frameworks */ = {
			isa = PBXFrameworksBuildPhase;
			buildActionMask = 2147483647;
			files = (
			);
			runOnlyForDeploymentPostprocessing = 0;
		};
/* End PBXFrameworksBuildPhase section */

/* Begin PBXGroup section */
		5FBC0E541E2751DD00E8499F = {
			isa = PBXGroup;
			children = (
				5FBC0E5F1E2751DD00E8499F /* CoreDataGenerics */,
				5FBC0E5E1E2751DD00E8499F /* Products */,
			);
			sourceTree = "<group>";
		};
		5FBC0E5E1E2751DD00E8499F /* Products */ = {
			isa = PBXGroup;
			children = (
				5FBC0E5D1E2751DD00E8499F /* CoreDataGenerics.app */,
			);
			name = Products;
			sourceTree = "<group>";
		};
		5FBC0E5F1E2751DD00E8499F /* CoreDataGenerics */ = {
			isa = PBXGroup;
			children = (
				5FBC0E601E2751DD00E8499F /* AppDelegate.swift */,
				5FBC0E621E2751DD00E8499F /* ViewController.swift */,
				5FBC0E641E2751DE00E8499F /* Main.storyboard */,
				5FBC0E6A1E2751DE00E8499F /* Assets.xcassets */,
				5FBC0E6C1E2751DE00E8499F /* LaunchScreen.storyboard */,
				5FBC0E6F1E2751DE00E8499F /* Info.plist */,
				5FBC0E671E2751DE00E8499F /* CoreDataGenerics.xcdatamodeld */,
			);
			path = CoreDataGenerics;
			sourceTree = "<group>";
		};
/* End PBXGroup section */

/* Begin PBXNativeTarget section */
		5FBC0E5C1E2751DD00E8499F /* CoreDataGenerics */ = {
			isa = PBXNativeTarget;
			buildConfigurationList = 5FBC0E721E2751DE00E8499F /* Build configuration list for PBXNativeTarget "CoreDataGenerics" */;
			buildPhases = (
				5FBC0E591E2751DD00E8499F /* Sources */,
				5FBC0E5A1E2751DD00E8499F /* Frameworks */,
				5FBC0E5B1E2751DD00E8499F /* Resources */,
			);
			buildRules = (
			);
			dependencies = (
			);
			name = CoreDataGenerics;
			productName = CoreDataGenerics;
			productReference = 5FBC0E5D1E2751DD00E8499F /* CoreDataGenerics.app */;
			productType = "com.apple.product-type.application";
		};
/* End PBXNativeTarget section */

/* Begin PBXProject section */
		5FBC0E551E2751DD00E8499F /* Project object */ = {
			isa = PBXProject;
			attributes = {
				LastSwiftUpdateCheck = 0820;
				LastUpgradeCheck = 0820;
				ORGANIZATIONNAME = "Harman Inc";
				TargetAttributes = {
					5FBC0E5C1E2751DD00E8499F = {
						CreatedOnToolsVersion = 8.2;
						DevelopmentTeam = TJ3RW859P3;
						ProvisioningStyle = Automatic;
					};
				};
			};
			buildConfigurationList = 5FBC0E581E2751DD00E8499F /* Build configuration list for PBXProject "CoreDataGenerics" */;
			compatibilityVersion = "Xcode 3.2";
			developmentRegion = English;
			hasScannedForEncodings = 0;
			knownRegions = (
				en,
				Base,
			);
			mainGroup = 5FBC0E541E2751DD00E8499F;
			productRefGroup = 5FBC0E5E1E2751DD00E8499F /* Products */;
			projectDirPath = "";
			projectRoot = "";
			targets = (
				5FBC0E5C1E2751DD00E8499F /* CoreDataGenerics */,
			);
		};
/* End PBXProject section */

/* Begin PBXResourcesBuildPhase section */
		5FBC0E5B1E2751DD00E8499F /* Resources */ = {
			isa = PBXResourcesBuildPhase;
			buildActionMask = 2147483647;
			files = (
				5FBC0E6E1E2751DE00E8499F /* LaunchScreen.storyboard in Resources */,
				5FBC0E6B1E2751DE00E8499F /* Assets.xcassets in Resources */,
				5FBC0E661E2751DE00E8499F /* Main.storyboard in Resources */,
			);
			runOnlyForDeploymentPostprocessing = 0;
		};
/* End PBXResourcesBuildPhase section */

/* Begin PBXSourcesBuildPhase section */
		5FBC0E591E2751DD00E8499F /* Sources */ = {
			isa = PBXSourcesBuildPhase;
			buildActionMask = 2147483647;
			files = (
				5FBC0E631E2751DD00E8499F /* ViewController.swift in Sources */,
				5FBC0E691E2751DE00E8499F /* CoreDataGenerics.xcdatamodeld in Sources */,
				5FBC0E611E2751DD00E8499F /* AppDelegate.swift in Sources */,
			);
			runOnlyForDeploymentPostprocessing = 0;
		};
/* End PBXSourcesBuildPhase section */

/* Begin PBXVariantGroup section */
		5FBC0E641E2751DE00E8499F /* Main.storyboard */ = {
			isa = PBXVariantGroup;
			children = (
				5FBC0E651E2751DE00E8499F /* Base */,
			);
			name = Main.storyboard;
			sourceTree = "<group>";
		};
		5FBC0E6C1E2751DE00E8499F /* LaunchScreen.storyboard */ = {
			isa = PBXVariantGroup;
			children = (
				5FBC0E6D1E2751DE00E8499F /* Base */,
			);
			name = LaunchScreen.storyboard;
			sourceTree = "<group>";
		};
/* End PBXVariantGroup section */

/* Begin XCBuildConfiguration section */
		5FBC0E701E2751DE00E8499F /* Debug */ = {
			isa = XCBuildConfiguration;
			buildSettings = {
				ALWAYS_SEARCH_USER_PATHS = NO;
				CLANG_ANALYZER_NONNULL = YES;
				CLANG_CXX_LANGUAGE_STANDARD = "gnu++0x";
				CLANG_CXX_LIBRARY = "libc++";
				CLANG_ENABLE_MODULES = YES;
				CLANG_ENABLE_OBJC_ARC = YES;
				CLANG_WARN_BOOL_CONVERSION = YES;
				CLANG_WARN_CONSTANT_CONVERSION = YES;
				CLANG_WARN_DIRECT_OBJC_ISA_USAGE = YES_ERROR;
				CLANG_WARN_DOCUMENTATION_COMMENTS = YES;
				CLANG_WARN_EMPTY_BODY = YES;
				CLANG_WARN_ENUM_CONVERSION = YES;
				CLANG_WARN_INFINITE_RECURSION = YES;
				CLANG_WARN_INT_CONVERSION = YES;
				CLANG_WARN_OBJC_ROOT_CLASS = YES_ERROR;
				CLANG_WARN_SUSPICIOUS_MOVE = YES;
				CLANG_WARN_UNREACHABLE_CODE = YES;
				CLANG_WARN__DUPLICATE_METHOD_MATCH = YES;
				"CODE_SIGN_IDENTITY[sdk=iphoneos*]" = "iPhone Developer";
				COPY_PHASE_STRIP = NO;
				DEBUG_INFORMATION_FORMAT = dwarf;
				ENABLE_STRICT_OBJC_MSGSEND = YES;
				ENABLE_TESTABILITY = YES;
				GCC_C_LANGUAGE_STANDARD = gnu99;
				GCC_DYNAMIC_NO_PIC = NO;
				GCC_NO_COMMON_BLOCKS = YES;
				GCC_OPTIMIZATION_LEVEL = 0;
				GCC_PREPROCESSOR_DEFINITIONS = (
					"DEBUG=1",
					"$(inherited)",
				);
				GCC_WARN_64_TO_32_BIT_CONVERSION = YES;
				GCC_WARN_ABOUT_RETURN_TYPE = YES_ERROR;
				GCC_WARN_UNDECLARED_SELECTOR = YES;
				GCC_WARN_UNINITIALIZED_AUTOS = YES_AGGRESSIVE;
				GCC_WARN_UNUSED_FUNCTION = YES;
				GCC_WARN_UNUSED_VARIABLE = YES;
				IPHONEOS_DEPLOYMENT_TARGET = 10.2;
				MTL_ENABLE_DEBUG_INFO = YES;
				ONLY_ACTIVE_ARCH = YES;
				SDKROOT = iphoneos;
				SWIFT_ACTIVE_COMPILATION_CONDITIONS = DEBUG;
				SWIFT_OPTIMIZATION_LEVEL = "-Onone";
			};
			name = Debug;
		};
		5FBC0E711E2751DE00E8499F /* Release */ = {
			isa = XCBuildConfiguration;
			buildSettings = {
				ALWAYS_SEARCH_USER_PATHS = NO;
				CLANG_ANALYZER_NONNULL = YES;
				CLANG_CXX_LANGUAGE_STANDARD = "gnu++0x";
				CLANG_CXX_LIBRARY = "libc++";
				CLANG_ENABLE_MODULES = YES;
				CLANG_ENABLE_OBJC_ARC = YES;
				CLANG_WARN_BOOL_CONVERSION = YES;
				CLANG_WARN_CONSTANT_CONVERSION = YES;
				CLANG_WARN_DIRECT_OBJC_ISA_USAGE = YES_ERROR;
				CLANG_WARN_DOCUMENTATION_COMMENTS = YES;
				CLANG_WARN_EMPTY_BODY = YES;
				CLANG_WARN_ENUM_CONVERSION = YES;
				CLANG_WARN_INFINITE_RECURSION = YES;
				CLANG_WARN_INT_CONVERSION = YES;
				CLANG_WARN_OBJC_ROOT_CLASS = YES_ERROR;
				CLANG_WARN_SUSPICIOUS_MOVE = YES;
				CLANG_WARN_UNREACHABLE_CODE = YES;
				CLANG_WARN__DUPLICATE_METHOD_MATCH = YES;
				"CODE_SIGN_IDENTITY[sdk=iphoneos*]" = "iPhone Developer";
				COPY_PHASE_STRIP = NO;
				DEBUG_INFORMATION_FORMAT = "dwarf-with-dsym";
				ENABLE_NS_ASSERTIONS = NO;
				ENABLE_STRICT_OBJC_MSGSEND = YES;
				GCC_C_LANGUAGE_STANDARD = gnu99;
				GCC_NO_COMMON_BLOCKS = YES;
				GCC_WARN_64_TO_32_BIT_CONVERSION = YES;
				GCC_WARN_ABOUT_RETURN_TYPE = YES_ERROR;
				GCC_WARN_UNDECLARED_SELECTOR = YES;
				GCC_WARN_UNINITIALIZED_AUTOS = YES_AGGRESSIVE;
				GCC_WARN_UNUSED_FUNCTION = YES;
				GCC_WARN_UNUSED_VARIABLE = YES;
				IPHONEOS_DEPLOYMENT_TARGET = 10.2;
				MTL_ENABLE_DEBUG_INFO = NO;
				SDKROOT = iphoneos;
				SWIFT_OPTIMIZATION_LEVEL = "-Owholemodule";
				VALIDATE_PRODUCT = YES;
			};
			name = Release;
		};
		5FBC0E731E2751DE00E8499F /* Debug */ = {
			isa = XCBuildConfiguration;
			buildSettings = {
				ASSETCATALOG_COMPILER_APPICON_NAME = AppIcon;
				DEVELOPMENT_TEAM = TJ3RW859P3;
				INFOPLIST_FILE = CoreDataGenerics/Info.plist;
				LD_RUNPATH_SEARCH_PATHS = "$(inherited) @executable_path/Frameworks";
				PRODUCT_BUNDLE_IDENTIFIER = com.beginning.CoreDataGenerics;
				PRODUCT_NAME = "$(TARGET_NAME)";
				SWIFT_VERSION = 3.0;
			};
			name = Debug;
		};
		5FBC0E741E2751DE00E8499F /* Release */ = {
			isa = XCBuildConfiguration;
			buildSettings = {
				ASSETCATALOG_COMPILER_APPICON_NAME = AppIcon;
				DEVELOPMENT_TEAM = TJ3RW859P3;
				INFOPLIST_FILE = CoreDataGenerics/Info.plist;
				LD_RUNPATH_SEARCH_PATHS = "$(inherited) @executable_path/Frameworks";
				PRODUCT_BUNDLE_IDENTIFIER = com.beginning.CoreDataGenerics;
				PRODUCT_NAME = "$(TARGET_NAME)";
				SWIFT_VERSION = 3.0;
			};
			name = Release;
		};
/* End XCBuildConfiguration section */

/* Begin XCConfigurationList section */
		5FBC0E581E2751DD00E8499F /* Build configuration list for PBXProject "CoreDataGenerics" */ = {
			isa = XCConfigurationList;
			buildConfigurations = (
				5FBC0E701E2751DE00E8499F /* Debug */,
				5FBC0E711E2751DE00E8499F /* Release */,
			);
			defaultConfigurationIsVisible = 0;
			defaultConfigurationName = Release;
		};
		5FBC0E721E2751DE00E8499F /* Build configuration list for PBXNativeTarget "CoreDataGenerics" */ = {
			isa = XCConfigurationList;
			buildConfigurations = (
				5FBC0E731E2751DE00E8499F /* Debug */,
				5FBC0E741E2751DE00E8499F /* Release */,
			);
			defaultConfigurationIsVisible = 0;
		};
/* End XCConfigurationList section */

/* Begin XCVersionGroup section */
		5FBC0E671E2751DE00E8499F /* CoreDataGenerics.xcdatamodeld */ = {
			isa = XCVersionGroup;
			children = (
				5FBC0E681E2751DE00E8499F /* CoreDataGenerics.xcdatamodel */,
			);
			currentVersion = 5FBC0E681E2751DE00E8499F /* CoreDataGenerics.xcdatamodel */;
			path = CoreDataGenerics.xcdatamodeld;
			sourceTree = "<group>";
			versionGroupType = wrapper.xcdatamodel;
		};
/* End XCVersionGroup section */
	};
	rootObject = 5FBC0E551E2751DD00E8499F /* Project object */;
}
